{
    "version": 3,
    "terraform_version": "0.10.4",
    "serial": 85,
    "lineage": "9630b277-1bc2-4fef-9c1f-1967c963d968",
    "modules": [
        {
            "path": [
                "root"
            ],
            "outputs": {
                "master_node_id": {
                    "sensitive": false,
                    "type": "list",
                    "value": [
                        "41501445"
                    ]
                },
                "master_node_ip_addresses": {
                    "sensitive": false,
                    "type": "list",
                    "value": [
                        "169.51.78.180"
                    ]
                },
                "ssh_key_id": {
                    "sensitive": false,
                    "type": "string",
                    "value": "990699"
                },
                "worker_node_id": {
                    "sensitive": false,
                    "type": "list",
                    "value": [
                        "41501447",
                        "41501449"
                    ]
                },
                "worker_node_ip_addresses": {
                    "sensitive": false,
                    "type": "list",
                    "value": [
                        "169.51.78.178",
                        "169.51.78.187"
                    ]
                }
            },
            "resources": {
                "ibm_compute_ssh_key.public_key": {
                    "type": "ibm_compute_ssh_key",
                    "depends_on": [],
                    "primary": {
                        "id": "990699",
                        "attributes": {
                            "fingerprint": "3f:9c:ad:b2:c4:f9:9f:c4:27:0c:1a:a3:3d:10:b7:16",
                            "id": "990699",
                            "label": "ICP_key",
                            "notes": "Terraform-ICP",
                            "public_key": "ssh-rsa AAAAB3NzaC1yc2EAAAADAQABAAABAQDZS7aLXHzJ9sY1mHp0NRa4U5gwBVaXuaydTNCp13Cx0DgMQj0HAJ1BTuNbRXkS9cy6jpZ51ggW4O3XWyQNcTXwciAne1i6hkH16v79bK0HCF7slmGZVKtgSkwPdXvo8UJsPyZ+88ZP2SdfNwIimsBwo12W6MkYPLy7PZCa+MTPuLvktu121+wW8Qcw6ZFKtXrED5nQkTlV2sbQ0FILTqXgVlz6uJhgY+daqmeK/rEALwFEsumWQpAlrvKQS6Uycdk3HGZfDXRKv1vwk7+WDRBiIIxxokHzM/SZWpJAgyfvM2P4Gm1WtTc7YHCS11dITz6q3i9AnYcCi8b+FyTKIQlr kimmok@Kimmos-MacBook-Pro.local"
                        },
                        "meta": {},
                        "tainted": false
                    },
                    "deposed": [],
                    "provider": ""
                },
                "ibm_compute_vm_instance.master_node": {
                    "type": "ibm_compute_vm_instance",
                    "depends_on": [
                        "ibm_compute_ssh_key.public_key"
                    ],
                    "primary": {
                        "id": "41501445",
                        "attributes": {
                            "block_storage_ids.#": "0",
                            "cores": "2",
                            "datacenter": "osl01",
                            "dedicated_acct_host_only": "false",
                            "domain": "test.local",
                            "file_storage_ids.#": "0",
                            "hostname": "master-1",
                            "hourly_billing": "true",
                            "id": "41501445",
                            "ip_address_id": "101697147",
                            "ip_address_id_private": "101213885",
                            "ipv4_address": "169.51.78.180",
                            "ipv4_address_private": "10.180.71.216",
                            "ipv6_enabled": "false",
                            "local_disk": "true",
                            "memory": "8192",
                            "network_speed": "1000",
                            "os_reference_code": "UBUNTU_16_64",
                            "private_network_only": "false",
                            "private_subnet": "10.180.71.192/26",
                            "private_vlan_id": "2115751",
                            "public_subnet": "169.51.78.176/28",
                            "public_vlan_id": "2158999",
                            "secondary_ip_addresses.#": "0",
                            "ssh_key_ids.#": "2",
                            "ssh_key_ids.0": "990699",
                            "ssh_key_ids.1": "990699",
                            "tags.#": "2",
                            "tags.2794610917": "icp",
                            "tags.755606486": "master",
                            "wait_time_minutes": "90"
                        },
                        "meta": {},
                        "tainted": false
                    },
                    "deposed": [],
                    "provider": ""
                },
                "ibm_compute_vm_instance.worker_node.0": {
                    "type": "ibm_compute_vm_instance",
                    "depends_on": [
                        "ibm_compute_ssh_key.public_key"
                    ],
                    "primary": {
                        "id": "41501447",
                        "attributes": {
                            "block_storage_ids.#": "0",
                            "cores": "2",
                            "datacenter": "osl01",
                            "dedicated_acct_host_only": "false",
                            "domain": "test.local",
                            "file_storage_ids.#": "0",
                            "hostname": "worker-1",
                            "hourly_billing": "true",
                            "id": "41501447",
                            "ip_address_id": "101697143",
                            "ip_address_id_private": "101213879",
                            "ipv4_address": "169.51.78.178",
                            "ipv4_address_private": "10.180.71.213",
                            "ipv6_enabled": "false",
                            "local_disk": "true",
                            "memory": "8192",
                            "network_speed": "1000",
                            "os_reference_code": "UBUNTU_16_64",
                            "private_network_only": "false",
                            "private_subnet": "10.180.71.192/26",
                            "private_vlan_id": "2115751",
                            "public_subnet": "169.51.78.176/28",
                            "public_vlan_id": "2158999",
                            "secondary_ip_addresses.#": "0",
                            "ssh_key_ids.#": "2",
                            "ssh_key_ids.0": "990699",
                            "ssh_key_ids.1": "990699",
                            "tags.#": "2",
                            "tags.2679291746": "worker",
                            "tags.2794610917": "icp",
                            "wait_time_minutes": "90"
                        },
                        "meta": {},
                        "tainted": false
                    },
                    "deposed": [],
                    "provider": ""
                },
                "ibm_compute_vm_instance.worker_node.1": {
                    "type": "ibm_compute_vm_instance",
                    "depends_on": [
                        "ibm_compute_ssh_key.public_key"
                    ],
                    "primary": {
                        "id": "41501449",
                        "attributes": {
                            "block_storage_ids.#": "0",
                            "cores": "2",
                            "datacenter": "osl01",
                            "dedicated_acct_host_only": "false",
                            "domain": "test.local",
                            "file_storage_ids.#": "0",
                            "hostname": "worker-2",
                            "hourly_billing": "true",
                            "id": "41501449",
                            "ip_address_id": "101697161",
                            "ip_address_id_private": "101213891",
                            "ipv4_address": "169.51.78.187",
                            "ipv4_address_private": "10.180.71.219",
                            "ipv6_enabled": "false",
                            "local_disk": "true",
                            "memory": "8192",
                            "network_speed": "1000",
                            "os_reference_code": "UBUNTU_16_64",
                            "private_network_only": "false",
                            "private_subnet": "10.180.71.192/26",
                            "private_vlan_id": "2115751",
                            "public_subnet": "169.51.78.176/28",
                            "public_vlan_id": "2158999",
                            "secondary_ip_addresses.#": "0",
                            "ssh_key_ids.#": "2",
                            "ssh_key_ids.0": "990699",
                            "ssh_key_ids.1": "990699",
                            "tags.#": "2",
                            "tags.2679291746": "worker",
                            "tags.2794610917": "icp",
                            "wait_time_minutes": "90"
                        },
                        "meta": {},
                        "tainted": false
                    },
                    "deposed": [],
                    "provider": ""
                },
                "null_resource.hosts": {
                    "type": "null_resource",
                    "depends_on": [
                        "ibm_compute_vm_instance.master_node",
                        "ibm_compute_vm_instance.worker_node"
                    ],
                    "primary": {
                        "id": "4337890124553930807",
                        "attributes": {
                            "id": "4337890124553930807"
                        },
                        "meta": {},
                        "tainted": false
                    },
                    "deposed": [],
                    "provider": ""
                }
            },
            "depends_on": []
        },
        {
            "path": [
                "root",
                "icpprovision"
            ],
            "outputs": {},
            "resources": {
                "null_resource.icp-boot": {
                    "type": "null_resource",
                    "depends_on": [
                        "null_resource.icp-cluster"
                    ],
                    "primary": {
                        "id": "8442807448668357267",
                        "attributes": {
                            "id": "8442807448668357267"
                        },
                        "meta": {},
                        "tainted": false
                    },
                    "deposed": [],
                    "provider": ""
                },
                "null_resource.icp-cluster.0": {
                    "type": "null_resource",
                    "depends_on": [
                        "local.icp-ips"
                    ],
                    "primary": {
                        "id": "4317622073680174804",
                        "attributes": {
                            "id": "4317622073680174804"
                        },
                        "meta": {},
                        "tainted": false
                    },
                    "deposed": [],
                    "provider": ""
                },
                "null_resource.icp-cluster.1": {
                    "type": "null_resource",
                    "depends_on": [
                        "local.icp-ips"
                    ],
                    "primary": {
                        "id": "8699083541551259420",
                        "attributes": {
                            "id": "8699083541551259420"
                        },
                        "meta": {},
                        "tainted": false
                    },
                    "deposed": [],
                    "provider": ""
                },
                "null_resource.icp-worker-scaler": {
                    "type": "null_resource",
                    "depends_on": [
                        "null_resource.icp-boot",
                        "null_resource.icp-cluster"
                    ],
                    "primary": {
                        "id": "4657013894552121167",
                        "attributes": {
                            "id": "4657013894552121167",
                            "triggers.%": "1",
                            "triggers.workers": "169.51.78.178,169.51.78.187"
                        },
                        "meta": {},
                        "tainted": false
                    },
                    "deposed": [],
                    "provider": ""
                }
            },
            "depends_on": []
        }
    ]
}
