{
    "version": 3,
    "terraform_version": "0.10.7",
    "serial": 90,
    "lineage": "9630b277-1bc2-4fef-9c1f-1967c963d968",
    "modules": [
        {
            "path": [
                "root"
            ],
            "outputs": {},
            "resources": {
                "ibm_compute_ssh_key.public_key": {
                    "type": "ibm_compute_ssh_key",
                    "depends_on": [],
                    "primary": {
                        "id": "991291",
                        "attributes": {
                            "fingerprint": "3f:9c:ad:b2:c4:f9:9f:c4:27:0c:1a:a3:3d:10:b7:16",
                            "id": "991291",
                            "label": "ICP_key",
                            "notes": "Terraform-ICP",
                            "public_key": "ssh-rsa AAAAB3NzaC1yc2EAAAADAQABAAABAQDZS7aLXHzJ9sY1mHp0NRa4U5gwBVaXuaydTNCp13Cx0DgMQj0HAJ1BTuNbRXkS9cy6jpZ51ggW4O3XWyQNcTXwciAne1i6hkH16v79bK0HCF7slmGZVKtgSkwPdXvo8UJsPyZ+88ZP2SdfNwIimsBwo12W6MkYPLy7PZCa+MTPuLvktu121+wW8Qcw6ZFKtXrED5nQkTlV2sbQ0FILTqXgVlz6uJhgY+daqmeK/rEALwFEsumWQpAlrvKQS6Uycdk3HGZfDXRKv1vwk7+WDRBiIIxxokHzM/SZWpJAgyfvM2P4Gm1WtTc7YHCS11dITz6q3i9AnYcCi8b+FyTKIQlr kimmok@Kimmos-MacBook-Pro.local"
                        },
                        "meta": {},
                        "tainted": false
                    },
                    "deposed": [],
                    "provider": ""
                }
            },
            "depends_on": []
        },
        {
            "path": [
                "root",
                "icpprovision"
            ],
            "outputs": {},
            "resources": {},
            "depends_on": []
        }
    ]
}
